Microsoft Visual Studio Solution File, Format Version 12.00
# Visual Studio Version 17
VisualStudioVersion = 17.0.31903.59
MinimumVisualStudioVersion = 10.0.40219.1
Project("{9A19103F-16F7-4668-BE54-9A1E7A4F7556}") = "Core", "Core\Core.csproj", "{ADA6846F-9E58-47B8-B588-99EAD1F8D40E}"
EndProject
Project("{2150E333-8FDC-42A3-9474-1A3956D46DE8}") = "Solution Items", "Solution Items", "{5B6EEB70-F0EC-418F-92E4-67849BFBDD46}"
	ProjectSection(SolutionItems) = preProject
		.editorconfig = .editorconfig
		Directory.Build.props = Directory.Build.props
		Directory.Build.targets = Directory.Build.targets
		Directory.Packages.props = Directory.Packages.props
		exclusion.dic = exclusion.dic
		nuget.config = nuget.config
		..\README.md = ..\README.md
		stylecop.json = stylecop.json
		testenvironments.json = testenvironments.json
	EndProjectSection
EndProject
Project("{2150E333-8FDC-42A3-9474-1A3956D46DE8}") = "Tests", "Tests", "{02FBFB2A-F7DC-4270-A89A-7D1B0E6DD1B2}"
	ProjectSection(SolutionItems) = preProject
		Tests\coverage.runsettings = Tests\coverage.runsettings
		Tests\Directory.Build.props = Tests\Directory.Build.props
		Tests\Directory.Build.targets = Tests\Directory.Build.targets
		Tests\Directory.Packages.props = Tests\Directory.Packages.props
		Tests\.editorconfig = Tests\.editorconfig
	EndProjectSection
EndProject
Project("{9A19103F-16F7-4668-BE54-9A1E7A4F7556}") = "Tests", "Tests\Tests\Tests.csproj", "{5546F610-BF8A-4E45-9E56-7BE8A44F479F}"
EndProject
Project("{9A19103F-16F7-4668-BE54-9A1E7A4F7556}") = "OneOf.CodeGeneration", "OneOf.CodeGeneration\OneOf.CodeGeneration.csproj", "{0BAE6FF3-3EC4-47A9-BDA7-BF4187BF51D2}"
EndProject
Project("{2150E333-8FDC-42A3-9474-1A3956D46DE8}") = ".github", ".github", "{4C61AF75-C30B-490B-AA21-C27F3DDA543F}"
EndProject
Project("{2150E333-8FDC-42A3-9474-1A3956D46DE8}") = "workflows", "workflows", "{BF42944F-DC2F-4E52-822F-F85C286A5D86}"
	ProjectSection(SolutionItems) = preProject
		..\.github\workflows\build.yml = ..\.github\workflows\build.yml
		..\.github\workflows\docs.yml = ..\.github\workflows\docs.yml
	EndProjectSection
EndProject
Project("{9A19103F-16F7-4668-BE54-9A1E7A4F7556}") = "Runtime", "Runtime\Runtime.csproj", "{BA1D383B-96DD-4C84-9BAC-3354469EAD04}"
EndProject
Project("{9A19103F-16F7-4668-BE54-9A1E7A4F7556}") = "Runtime.Tests", "Tests\Runtime.Tests\Runtime.Tests.csproj", "{22B5CC1C-4BAA-4364-8C89-73C8C467C178}"
EndProject
Project("{9A19103F-16F7-4668-BE54-9A1E7A4F7556}") = "Dummy", "Tests\Dummy\Dummy.csproj", "{1575918B-9118-4EAE-81C0-0DF4BCBE8B7F}"
EndProject
Project("{9A19103F-16F7-4668-BE54-9A1E7A4F7556}") = "IO.Compression", "IO.Compression\IO.Compression.csproj", "{F1841F2B-63C5-4E1A-B99F-67B67DA4E306}"
EndProject
Project("{9A19103F-16F7-4668-BE54-9A1E7A4F7556}") = "IO.Compression.Tests", "Tests\IO.Compression.Tests\IO.Compression.Tests.csproj", "{D40E0AE1-0EE6-4138-BDD3-EDF77E7E58E6}"
EndProject
Project("{FAE04EC0-301F-11D3-BF4B-00C04F79EFBC}") = "Protobuf", "Protobuf\Protobuf.csproj", "{75BFF31A-D652-4064-BECD-91B7DD697998}"
EndProject
Project("{FAE04EC0-301F-11D3-BF4B-00C04F79EFBC}") = "Grpc.Tools", "Grpc.Tools\Grpc.Tools.csproj", "{8F6FDD38-4717-4E14-85A7-92FF4EC9BFF7}"
EndProject
Project("{FAE04EC0-301F-11D3-BF4B-00C04F79EFBC}") = "Grpc.Tools.Tests", "Tests\Grpc.Tools.Tests\Grpc.Tools.Tests.csproj", "{1129E54F-5EC3-4284-A445-2F7B9802173D}"
EndProject
Project("{FAE04EC0-301F-11D3-BF4B-00C04F79EFBC}") = "Protobuf.Tests", "Tests\Protobuf.Tests\Protobuf.Tests.csproj", "{E8314D33-8548-4FC7-9B00-A14381E286DA}"
EndProject
Project("{2150E333-8FDC-42A3-9474-1A3956D46DE8}") = "Benchmarks", "Benchmarks", "{764F3240-6E11-45E6-9FC5-091C47C17EE8}"
	ProjectSection(SolutionItems) = preProject
		Benchmarks\Directory.Build.props = Benchmarks\Directory.Build.props
		Benchmarks\Directory.Build.targets = Benchmarks\Directory.Build.targets
		Benchmarks\Directory.Packages.props = Benchmarks\Directory.Packages.props
	EndProjectSection
EndProject
Project("{FAE04EC0-301F-11D3-BF4B-00C04F79EFBC}") = "Protobuf.Benchmarks", "Benchmarks\Protobuf.Benchmarks\Protobuf.Benchmarks.csproj", "{D9057B64-4304-460F-A8F4-5D524F9B7CCC}"
EndProject
Project("{FAE04EC0-301F-11D3-BF4B-00C04F79EFBC}") = "Core.Buffers.Compression.Benchmarks", "Benchmarks\Core.Buffers.Compression.Benchmarks\Core.Buffers.Compression.Benchmarks.csproj", "{E224DD61-DDA9-4539-B3E2-5D9FA7A41688}"
EndProject
Project("{FAE04EC0-301F-11D3-BF4B-00C04F79EFBC}") = "Extensions.Caching.Hybrid", "Extensions.Caching.Hybrid\Extensions.Caching.Hybrid.csproj", "{FC6BC299-ADF3-4979-81E8-441854EA851E}"
EndProject
Project("{FAE04EC0-301F-11D3-BF4B-00C04F79EFBC}") = "Extensions.Caching.Hybrid.Tests", "Tests\Extensions.Caching.Hybrid.Tests\Extensions.Caching.Hybrid.Tests.csproj", "{7F0EBE34-A4CD-468D-BFAF-50A9D1EC7EB9}"
EndProject
Global
	GlobalSection(SolutionConfigurationPlatforms) = preSolution
		Debug|Any CPU = Debug|Any CPU
		Release|Any CPU = Release|Any CPU
	EndGlobalSection
	GlobalSection(ProjectConfigurationPlatforms) = postSolution
		{ADA6846F-9E58-47B8-B588-99EAD1F8D40E}.Debug|Any CPU.ActiveCfg = Debug|Any CPU
		{ADA6846F-9E58-47B8-B588-99EAD1F8D40E}.Debug|Any CPU.Build.0 = Debug|Any CPU
		{ADA6846F-9E58-47B8-B588-99EAD1F8D40E}.Release|Any CPU.ActiveCfg = Release|Any CPU
		{ADA6846F-9E58-47B8-B588-99EAD1F8D40E}.Release|Any CPU.Build.0 = Release|Any CPU
		{5546F610-BF8A-4E45-9E56-7BE8A44F479F}.Debug|Any CPU.ActiveCfg = Debug|Any CPU
		{5546F610-BF8A-4E45-9E56-7BE8A44F479F}.Debug|Any CPU.Build.0 = Debug|Any CPU
		{5546F610-BF8A-4E45-9E56-7BE8A44F479F}.Release|Any CPU.ActiveCfg = Release|Any CPU
		{0BAE6FF3-3EC4-47A9-BDA7-BF4187BF51D2}.Debug|Any CPU.ActiveCfg = Debug|Any CPU
		{0BAE6FF3-3EC4-47A9-BDA7-BF4187BF51D2}.Debug|Any CPU.Build.0 = Debug|Any CPU
		{0BAE6FF3-3EC4-47A9-BDA7-BF4187BF51D2}.Release|Any CPU.ActiveCfg = Release|Any CPU
		{0BAE6FF3-3EC4-47A9-BDA7-BF4187BF51D2}.Release|Any CPU.Build.0 = Release|Any CPU
		{BA1D383B-96DD-4C84-9BAC-3354469EAD04}.Debug|Any CPU.ActiveCfg = Debug|Any CPU
		{BA1D383B-96DD-4C84-9BAC-3354469EAD04}.Debug|Any CPU.Build.0 = Debug|Any CPU
		{BA1D383B-96DD-4C84-9BAC-3354469EAD04}.Release|Any CPU.ActiveCfg = Release|Any CPU
		{BA1D383B-96DD-4C84-9BAC-3354469EAD04}.Release|Any CPU.Build.0 = Release|Any CPU
		{22B5CC1C-4BAA-4364-8C89-73C8C467C178}.Debug|Any CPU.ActiveCfg = Debug|Any CPU
		{22B5CC1C-4BAA-4364-8C89-73C8C467C178}.Debug|Any CPU.Build.0 = Debug|Any CPU
		{22B5CC1C-4BAA-4364-8C89-73C8C467C178}.Release|Any CPU.ActiveCfg = Release|Any CPU
		{1575918B-9118-4EAE-81C0-0DF4BCBE8B7F}.Debug|Any CPU.ActiveCfg = Debug|Any CPU
		{1575918B-9118-4EAE-81C0-0DF4BCBE8B7F}.Debug|Any CPU.Build.0 = Debug|Any CPU
		{1575918B-9118-4EAE-81C0-0DF4BCBE8B7F}.Release|Any CPU.ActiveCfg = Release|Any CPU
		{F1841F2B-63C5-4E1A-B99F-67B67DA4E306}.Debug|Any CPU.ActiveCfg = Debug|Any CPU
		{F1841F2B-63C5-4E1A-B99F-67B67DA4E306}.Debug|Any CPU.Build.0 = Debug|Any CPU
		{F1841F2B-63C5-4E1A-B99F-67B67DA4E306}.Release|Any CPU.ActiveCfg = Release|Any CPU
		{F1841F2B-63C5-4E1A-B99F-67B67DA4E306}.Release|Any CPU.Build.0 = Release|Any CPU
		{D40E0AE1-0EE6-4138-BDD3-EDF77E7E58E6}.Debug|Any CPU.ActiveCfg = Debug|Any CPU
		{D40E0AE1-0EE6-4138-BDD3-EDF77E7E58E6}.Debug|Any CPU.Build.0 = Debug|Any CPU
		{D40E0AE1-0EE6-4138-BDD3-EDF77E7E58E6}.Release|Any CPU.ActiveCfg = Release|Any CPU
		{75BFF31A-D652-4064-BECD-91B7DD697998}.Debug|Any CPU.ActiveCfg = Debug|Any CPU
		{75BFF31A-D652-4064-BECD-91B7DD697998}.Debug|Any CPU.Build.0 = Debug|Any CPU
		{75BFF31A-D652-4064-BECD-91B7DD697998}.Release|Any CPU.ActiveCfg = Release|Any CPU
		{75BFF31A-D652-4064-BECD-91B7DD697998}.Release|Any CPU.Build.0 = Release|Any CPU
		{8F6FDD38-4717-4E14-85A7-92FF4EC9BFF7}.Debug|Any CPU.ActiveCfg = Debug|Any CPU
		{8F6FDD38-4717-4E14-85A7-92FF4EC9BFF7}.Debug|Any CPU.Build.0 = Debug|Any CPU
		{8F6FDD38-4717-4E14-85A7-92FF4EC9BFF7}.Release|Any CPU.ActiveCfg = Release|Any CPU
		{8F6FDD38-4717-4E14-85A7-92FF4EC9BFF7}.Release|Any CPU.Build.0 = Release|Any CPU
		{1129E54F-5EC3-4284-A445-2F7B9802173D}.Debug|Any CPU.ActiveCfg = Debug|Any CPU
		{1129E54F-5EC3-4284-A445-2F7B9802173D}.Debug|Any CPU.Build.0 = Debug|Any CPU
		{1129E54F-5EC3-4284-A445-2F7B9802173D}.Release|Any CPU.ActiveCfg = Release|Any CPU
		{E8314D33-8548-4FC7-9B00-A14381E286DA}.Debug|Any CPU.ActiveCfg = Debug|Any CPU
		{E8314D33-8548-4FC7-9B00-A14381E286DA}.Debug|Any CPU.Build.0 = Debug|Any CPU
		{E8314D33-8548-4FC7-9B00-A14381E286DA}.Release|Any CPU.ActiveCfg = Release|Any CPU
		{D9057B64-4304-460F-A8F4-5D524F9B7CCC}.Debug|Any CPU.ActiveCfg = Debug|Any CPU
		{D9057B64-4304-460F-A8F4-5D524F9B7CCC}.Debug|Any CPU.Build.0 = Debug|Any CPU
		{D9057B64-4304-460F-A8F4-5D524F9B7CCC}.Release|Any CPU.ActiveCfg = Release|Any CPU
		{D9057B64-4304-460F-A8F4-5D524F9B7CCC}.Release|Any CPU.Build.0 = Release|Any CPU
		{E224DD61-DDA9-4539-B3E2-5D9FA7A41688}.Debug|Any CPU.ActiveCfg = Debug|Any CPU
		{E224DD61-DDA9-4539-B3E2-5D9FA7A41688}.Debug|Any CPU.Build.0 = Debug|Any CPU
		{E224DD61-DDA9-4539-B3E2-5D9FA7A41688}.Release|Any CPU.ActiveCfg = Release|Any CPU
		{E224DD61-DDA9-4539-B3E2-5D9FA7A41688}.Release|Any CPU.Build.0 = Release|Any CPU
		{FC6BC299-ADF3-4979-81E8-441854EA851E}.Debug|Any CPU.ActiveCfg = Debug|Any CPU
		{FC6BC299-ADF3-4979-81E8-441854EA851E}.Debug|Any CPU.Build.0 = Debug|Any CPU
		{FC6BC299-ADF3-4979-81E8-441854EA851E}.Release|Any CPU.ActiveCfg = Release|Any CPU
		{FC6BC299-ADF3-4979-81E8-441854EA851E}.Release|Any CPU.Build.0 = Release|Any CPU
		{7F0EBE34-A4CD-468D-BFAF-50A9D1EC7EB9}.Debug|Any CPU.ActiveCfg = Debug|Any CPU
		{7F0EBE34-A4CD-468D-BFAF-50A9D1EC7EB9}.Debug|Any CPU.Build.0 = Debug|Any CPU
		{7F0EBE34-A4CD-468D-BFAF-50A9D1EC7EB9}.Release|Any CPU.ActiveCfg = Release|Any CPU
	EndGlobalSection
	GlobalSection(SolutionProperties) = preSolution
		HideSolutionNode = FALSE
	EndGlobalSection
	GlobalSection(NestedProjects) = preSolution
		{5546F610-BF8A-4E45-9E56-7BE8A44F479F} = {02FBFB2A-F7DC-4270-A89A-7D1B0E6DD1B2}
		{BF42944F-DC2F-4E52-822F-F85C286A5D86} = {4C61AF75-C30B-490B-AA21-C27F3DDA543F}
		{22B5CC1C-4BAA-4364-8C89-73C8C467C178} = {02FBFB2A-F7DC-4270-A89A-7D1B0E6DD1B2}
		{1575918B-9118-4EAE-81C0-0DF4BCBE8B7F} = {02FBFB2A-F7DC-4270-A89A-7D1B0E6DD1B2}
		{D40E0AE1-0EE6-4138-BDD3-EDF77E7E58E6} = {02FBFB2A-F7DC-4270-A89A-7D1B0E6DD1B2}
		{1129E54F-5EC3-4284-A445-2F7B9802173D} = {02FBFB2A-F7DC-4270-A89A-7D1B0E6DD1B2}
		{E8314D33-8548-4FC7-9B00-A14381E286DA} = {02FBFB2A-F7DC-4270-A89A-7D1B0E6DD1B2}
		{D9057B64-4304-460F-A8F4-5D524F9B7CCC} = {764F3240-6E11-45E6-9FC5-091C47C17EE8}
		{E224DD61-DDA9-4539-B3E2-5D9FA7A41688} = {764F3240-6E11-45E6-9FC5-091C47C17EE8}
		{7F0EBE34-A4CD-468D-BFAF-50A9D1EC7EB9} = {02FBFB2A-F7DC-4270-A89A-7D1B0E6DD1B2}
	EndGlobalSection
	GlobalSection(ExtensibilityGlobals) = postSolution
		SolutionGuid = {EDE5C0E4-46E8-4D62-9B9D-9A718FAF2208}
	EndGlobalSection
EndGlobal
